
Microsoft Visual Studio Solution File, Format Version 12.00
# Visual Studio Version 17
VisualStudioVersion = 17.3.32901.215
MinimumVisualStudioVersion = 10.0.40219.1
Project("{FAE04EC0-301F-11D3-BF4B-00C04F79EFBC}") = "Funciones", "Funciones\Funciones.csproj", "{12409504-021A-4908-B638-E219ED1C13F7}"
EndProject
Global
	GlobalSection(SolutionConfigurationPlatforms) = preSolution
		Debug|Any CPU = Debug|Any CPU
		Release|Any CPU = Release|Any CPU
	EndGlobalSection
	GlobalSection(ProjectConfigurationPlatforms) = postSolution
		{12409504-021A-4908-B638-E219ED1C13F7}.Debug|Any CPU.ActiveCfg = Debug|Any CPU
		{12409504-021A-4908-B638-E219ED1C13F7}.Debug|Any CPU.Build.0 = Debug|Any CPU
		{12409504-021A-4908-B638-E219ED1C13F7}.Release|Any CPU.ActiveCfg = Release|Any CPU
		{12409504-021A-4908-B638-E219ED1C13F7}.Release|Any CPU.Build.0 = Release|Any CPU
	EndGlobalSection
	GlobalSection(SolutionProperties) = preSolution
		HideSolutionNode = FALSE
	EndGlobalSection
	GlobalSection(ExtensibilityGlobals) = postSolution
		SolutionGuid = {7215CEBD-08F8-41A8-B29D-BDE7ABA6C1D9}
	EndGlobalSection
EndGlobal
