
Microsoft Visual Studio Solution File, Format Version 12.00
# Visual Studio Version 17
VisualStudioVersion = 17.4.33213.308
MinimumVisualStudioVersion = 10.0.40219.1
Project("{FAE04EC0-301F-11D3-BF4B-00C04F79EFBC}") = "Neighbour", "Neighbour\Neighbour.csproj", "{138DCF62-2518-4F3C-B323-9A9203DAD4C7}"
EndProject
Global
	GlobalSection(SolutionConfigurationPlatforms) = preSolution
		Debug|Any CPU = Debug|Any CPU
		Release|Any CPU = Release|Any CPU
	EndGlobalSection
	GlobalSection(ProjectConfigurationPlatforms) = postSolution
		{138DCF62-2518-4F3C-B323-9A9203DAD4C7}.Debug|Any CPU.ActiveCfg = Debug|Any CPU
		{138DCF62-2518-4F3C-B323-9A9203DAD4C7}.Debug|Any CPU.Build.0 = Debug|Any CPU
		{138DCF62-2518-4F3C-B323-9A9203DAD4C7}.Release|Any CPU.ActiveCfg = Release|Any CPU
		{138DCF62-2518-4F3C-B323-9A9203DAD4C7}.Release|Any CPU.Build.0 = Release|Any CPU
	EndGlobalSection
	GlobalSection(SolutionProperties) = preSolution
		HideSolutionNode = FALSE
	EndGlobalSection
	GlobalSection(ExtensibilityGlobals) = postSolution
		SolutionGuid = {5B3405DA-2D3B-4A86-9670-B14563CC1645}
	EndGlobalSection
EndGlobal
