
Microsoft Visual Studio Solution File, Format Version 12.00
# Visual Studio Version 17
VisualStudioVersion = 17.4.33213.308
MinimumVisualStudioVersion = 10.0.40219.1
Project("{9A19103F-16F7-4668-BE54-9A1E7A4F7556}") = "UDK_Test_Release", "UDK_Test_Release.csproj", "{6CBE605C-DA5E-4F8C-8986-90F120BF7964}"
EndProject
Global
	GlobalSection(SolutionConfigurationPlatforms) = preSolution
		Debug|Any CPU = Debug|Any CPU
		Release|Any CPU = Release|Any CPU
	EndGlobalSection
	GlobalSection(ProjectConfigurationPlatforms) = postSolution
		{6CBE605C-DA5E-4F8C-8986-90F120BF7964}.Debug|Any CPU.ActiveCfg = Debug|Any CPU
		{6CBE605C-DA5E-4F8C-8986-90F120BF7964}.Debug|Any CPU.Build.0 = Debug|Any CPU
		{6CBE605C-DA5E-4F8C-8986-90F120BF7964}.Release|Any CPU.ActiveCfg = Release|Any CPU
		{6CBE605C-DA5E-4F8C-8986-90F120BF7964}.Release|Any CPU.Build.0 = Release|Any CPU
	EndGlobalSection
	GlobalSection(SolutionProperties) = preSolution
		HideSolutionNode = FALSE
	EndGlobalSection
	GlobalSection(ExtensibilityGlobals) = postSolution
		SolutionGuid = {7A1F47F5-224C-4F5F-984A-D5E59D65D454}
	EndGlobalSection
EndGlobal
