
Microsoft Visual Studio Solution File, Format Version 12.00
# Visual Studio Version 17
VisualStudioVersion = 17.3.32901.215
MinimumVisualStudioVersion = 10.0.40219.1
Project("{FAE04EC0-301F-11D3-BF4B-00C04F79EFBC}") = "ChessLib", "ChessLib\ChessLib.csproj", "{0BE56340-A23D-4EEA-9B80-035EE25648ED}"
EndProject
Project("{FAE04EC0-301F-11D3-BF4B-00C04F79EFBC}") = "ChessTest", "ChessTest\ChessTest.csproj", "{7DAAA09B-F032-4DCB-B4D9-87CB866EE5C3}"
EndProject
Global
	GlobalSection(SolutionConfigurationPlatforms) = preSolution
		Debug|Any CPU = Debug|Any CPU
		Release|Any CPU = Release|Any CPU
	EndGlobalSection
	GlobalSection(ProjectConfigurationPlatforms) = postSolution
		{0BE56340-A23D-4EEA-9B80-035EE25648ED}.Debug|Any CPU.ActiveCfg = Debug|Any CPU
		{0BE56340-A23D-4EEA-9B80-035EE25648ED}.Debug|Any CPU.Build.0 = Debug|Any CPU
		{0BE56340-A23D-4EEA-9B80-035EE25648ED}.Release|Any CPU.ActiveCfg = Release|Any CPU
		{0BE56340-A23D-4EEA-9B80-035EE25648ED}.Release|Any CPU.Build.0 = Release|Any CPU
		{7DAAA09B-F032-4DCB-B4D9-87CB866EE5C3}.Debug|Any CPU.ActiveCfg = Debug|Any CPU
		{7DAAA09B-F032-4DCB-B4D9-87CB866EE5C3}.Debug|Any CPU.Build.0 = Debug|Any CPU
		{7DAAA09B-F032-4DCB-B4D9-87CB866EE5C3}.Release|Any CPU.ActiveCfg = Release|Any CPU
		{7DAAA09B-F032-4DCB-B4D9-87CB866EE5C3}.Release|Any CPU.Build.0 = Release|Any CPU
	EndGlobalSection
	GlobalSection(SolutionProperties) = preSolution
		HideSolutionNode = FALSE
	EndGlobalSection
	GlobalSection(ExtensibilityGlobals) = postSolution
		SolutionGuid = {3FF17C0A-B506-4277-914A-3EE8F596D8BE}
	EndGlobalSection
EndGlobal
