
Microsoft Visual Studio Solution File, Format Version 12.00
# Visual Studio Version 17
VisualStudioVersion = 17.3.32901.215
MinimumVisualStudioVersion = 10.0.40219.1
Project("{FAE04EC0-301F-11D3-BF4B-00C04F79EFBC}") = "Rectangle", "Rectangle\Rectangle.csproj", "{5801F986-4557-4476-A6C9-B8B940067628}"
EndProject
Global
	GlobalSection(SolutionConfigurationPlatforms) = preSolution
		Debug|Any CPU = Debug|Any CPU
		Release|Any CPU = Release|Any CPU
	EndGlobalSection
	GlobalSection(ProjectConfigurationPlatforms) = postSolution
		{5801F986-4557-4476-A6C9-B8B940067628}.Debug|Any CPU.ActiveCfg = Debug|Any CPU
		{5801F986-4557-4476-A6C9-B8B940067628}.Debug|Any CPU.Build.0 = Debug|Any CPU
		{5801F986-4557-4476-A6C9-B8B940067628}.Release|Any CPU.ActiveCfg = Release|Any CPU
		{5801F986-4557-4476-A6C9-B8B940067628}.Release|Any CPU.Build.0 = Release|Any CPU
	EndGlobalSection
	GlobalSection(SolutionProperties) = preSolution
		HideSolutionNode = FALSE
	EndGlobalSection
	GlobalSection(ExtensibilityGlobals) = postSolution
		SolutionGuid = {8A2BFA22-7A35-4CCA-8F58-C35356BA1D8F}
	EndGlobalSection
EndGlobal
